
Microsoft Visual Studio Solution File, Format Version 12.00
# Visual Studio Version 16
VisualStudioVersion = 16.0.31112.23
MinimumVisualStudioVersion = 10.0.40219.1
Project("{FAE04EC0-301F-11D3-BF4B-00C04F79EFBC}") = "Entidades", "Entidades\Entidades.csproj", "{F80E48BD-8834-4879-9097-7339810712FD}"
EndProject
Project("{FAE04EC0-301F-11D3-BF4B-00C04F79EFBC}") = "MiCalculadora", "MiCalculadora\MiCalculadora.csproj", "{86384BB9-6057-4341-9CC5-8A585DA3FCB7}"
EndProject
Global
	GlobalSection(SolutionConfigurationPlatforms) = preSolution
		Debug|Any CPU = Debug|Any CPU
		Release|Any CPU = Release|Any CPU
	EndGlobalSection
	GlobalSection(ProjectConfigurationPlatforms) = postSolution
		{F80E48BD-8834-4879-9097-7339810712FD}.Debug|Any CPU.ActiveCfg = Debug|Any CPU
		{F80E48BD-8834-4879-9097-7339810712FD}.Debug|Any CPU.Build.0 = Debug|Any CPU
		{F80E48BD-8834-4879-9097-7339810712FD}.Release|Any CPU.ActiveCfg = Release|Any CPU
		{F80E48BD-8834-4879-9097-7339810712FD}.Release|Any CPU.Build.0 = Release|Any CPU
		{86384BB9-6057-4341-9CC5-8A585DA3FCB7}.Debug|Any CPU.ActiveCfg = Debug|Any CPU
		{86384BB9-6057-4341-9CC5-8A585DA3FCB7}.Debug|Any CPU.Build.0 = Debug|Any CPU
		{86384BB9-6057-4341-9CC5-8A585DA3FCB7}.Release|Any CPU.ActiveCfg = Release|Any CPU
		{86384BB9-6057-4341-9CC5-8A585DA3FCB7}.Release|Any CPU.Build.0 = Release|Any CPU
	EndGlobalSection
	GlobalSection(SolutionProperties) = preSolution
		HideSolutionNode = FALSE
	EndGlobalSection
	GlobalSection(ExtensibilityGlobals) = postSolution
		SolutionGuid = {855BF539-1027-4C82-B0E7-C497ECE297FE}
	EndGlobalSection
EndGlobal
